
Microsoft Visual Studio Solution File, Format Version 12.00
# Visual Studio 14
VisualStudioVersion = 14.0.25420.1
MinimumVisualStudioVersion = 10.0.40219.1
Project("{FAE04EC0-301F-11D3-BF4B-00C04F79EFBC}") = "examhari05", "examhari05\examhari05.csproj", "{145F4937-788E-40E3-848E-0B26D9D7E96B}"
EndProject
Project("{FAE04EC0-301F-11D3-BF4B-00C04F79EFBC}") = "exambase", "..\exambase\exambase.csproj", "{6B7C7464-0999-4659-BAA6-8DF28B675B6E}"
EndProject
Global
	GlobalSection(SolutionConfigurationPlatforms) = preSolution
		Debug|Any CPU = Debug|Any CPU
		Release|Any CPU = Release|Any CPU
	EndGlobalSection
	GlobalSection(ProjectConfigurationPlatforms) = postSolution
		{145F4937-788E-40E3-848E-0B26D9D7E96B}.Debug|Any CPU.ActiveCfg = Debug|Any CPU
		{145F4937-788E-40E3-848E-0B26D9D7E96B}.Debug|Any CPU.Build.0 = Debug|Any CPU
		{145F4937-788E-40E3-848E-0B26D9D7E96B}.Release|Any CPU.ActiveCfg = Release|Any CPU
		{145F4937-788E-40E3-848E-0B26D9D7E96B}.Release|Any CPU.Build.0 = Release|Any CPU
		{6B7C7464-0999-4659-BAA6-8DF28B675B6E}.Debug|Any CPU.ActiveCfg = Debug|Any CPU
		{6B7C7464-0999-4659-BAA6-8DF28B675B6E}.Debug|Any CPU.Build.0 = Debug|Any CPU
		{6B7C7464-0999-4659-BAA6-8DF28B675B6E}.Release|Any CPU.ActiveCfg = Release|Any CPU
		{6B7C7464-0999-4659-BAA6-8DF28B675B6E}.Release|Any CPU.Build.0 = Release|Any CPU
	EndGlobalSection
	GlobalSection(SolutionProperties) = preSolution
		HideSolutionNode = FALSE
	EndGlobalSection
EndGlobal
