
Microsoft Visual Studio Solution File, Format Version 12.00
# Visual Studio 14
VisualStudioVersion = 14.0.25420.1
MinimumVisualStudioVersion = 10.0.40219.1
Project("{FAE04EC0-301F-11D3-BF4B-00C04F79EFBC}") = "examhari08", "examhari08\examhari08.csproj", "{5407BCD9-12BF-401C-9ADF-C98D5A182627}"
EndProject
Project("{FAE04EC0-301F-11D3-BF4B-00C04F79EFBC}") = "exambase", "..\exambase\exambase.csproj", "{6B7C7464-0999-4659-BAA6-8DF28B675B6E}"
EndProject
Project("{FAE04EC0-301F-11D3-BF4B-00C04F79EFBC}") = "examhari02", "..\examhari02\examhari02\examhari02.csproj", "{462169B1-01D8-4B6B-87B5-F7180ED64EF6}"
EndProject
Project("{FAE04EC0-301F-11D3-BF4B-00C04F79EFBC}") = "logic1.5", "logic1.5\logic1.5.csproj", "{801A87D7-7AAE-41EC-8D31-2350DBF3365D}"
EndProject
Global
	GlobalSection(SolutionConfigurationPlatforms) = preSolution
		Debug|Any CPU = Debug|Any CPU
		Release|Any CPU = Release|Any CPU
	EndGlobalSection
	GlobalSection(ProjectConfigurationPlatforms) = postSolution
		{5407BCD9-12BF-401C-9ADF-C98D5A182627}.Debug|Any CPU.ActiveCfg = Debug|Any CPU
		{5407BCD9-12BF-401C-9ADF-C98D5A182627}.Debug|Any CPU.Build.0 = Debug|Any CPU
		{5407BCD9-12BF-401C-9ADF-C98D5A182627}.Release|Any CPU.ActiveCfg = Release|Any CPU
		{5407BCD9-12BF-401C-9ADF-C98D5A182627}.Release|Any CPU.Build.0 = Release|Any CPU
		{6B7C7464-0999-4659-BAA6-8DF28B675B6E}.Debug|Any CPU.ActiveCfg = Debug|Any CPU
		{6B7C7464-0999-4659-BAA6-8DF28B675B6E}.Debug|Any CPU.Build.0 = Debug|Any CPU
		{6B7C7464-0999-4659-BAA6-8DF28B675B6E}.Release|Any CPU.ActiveCfg = Release|Any CPU
		{6B7C7464-0999-4659-BAA6-8DF28B675B6E}.Release|Any CPU.Build.0 = Release|Any CPU
		{462169B1-01D8-4B6B-87B5-F7180ED64EF6}.Debug|Any CPU.ActiveCfg = Debug|Any CPU
		{462169B1-01D8-4B6B-87B5-F7180ED64EF6}.Debug|Any CPU.Build.0 = Debug|Any CPU
		{462169B1-01D8-4B6B-87B5-F7180ED64EF6}.Release|Any CPU.ActiveCfg = Release|Any CPU
		{462169B1-01D8-4B6B-87B5-F7180ED64EF6}.Release|Any CPU.Build.0 = Release|Any CPU
		{801A87D7-7AAE-41EC-8D31-2350DBF3365D}.Debug|Any CPU.ActiveCfg = Debug|Any CPU
		{801A87D7-7AAE-41EC-8D31-2350DBF3365D}.Debug|Any CPU.Build.0 = Debug|Any CPU
		{801A87D7-7AAE-41EC-8D31-2350DBF3365D}.Release|Any CPU.ActiveCfg = Release|Any CPU
		{801A87D7-7AAE-41EC-8D31-2350DBF3365D}.Release|Any CPU.Build.0 = Release|Any CPU
	EndGlobalSection
	GlobalSection(SolutionProperties) = preSolution
		HideSolutionNode = FALSE
	EndGlobalSection
EndGlobal
